
Microsoft Visual Studio Solution File, Format Version 12.00
# Visual Studio 15
VisualStudioVersion = 15.0.28010.2016
MinimumVisualStudioVersion = 10.0.40219.1
Project("{FAE04EC0-301F-11D3-BF4B-00C04F79EFBC}") = "CSharpPro", "CSharpPro\CSharpPro.csproj", "{2FFC13F3-3BB8-48AB-A11C-EE9414E640FD}"
EndProject
Project("{8BC9CEB8-8B4A-11D0-8D11-00A0C91BC942}") = "CppProLib", "CppProLib\CppProLib.vcxproj", "{BCCEA8BA-4096-4EE0-A2C2-BDCD7EBECDF7}"
EndProject
Project("{8BC9CEB8-8B4A-11D0-8D11-00A0C91BC942}") = "CppBridgePro", "CppBridgePro\CppBridgePro.vcxproj", "{028E4325-0B1F-4521-BC61-26B75C5C6F54}"
EndProject
Global
	GlobalSection(SolutionConfigurationPlatforms) = preSolution
		Debug|Any CPU = Debug|Any CPU
		Debug|x64 = Debug|x64
		Debug|x86 = Debug|x86
		Release|Any CPU = Release|Any CPU
		Release|x64 = Release|x64
		Release|x86 = Release|x86
	EndGlobalSection
	GlobalSection(ProjectConfigurationPlatforms) = postSolution
		{2FFC13F3-3BB8-48AB-A11C-EE9414E640FD}.Debug|Any CPU.ActiveCfg = Debug|Any CPU
		{2FFC13F3-3BB8-48AB-A11C-EE9414E640FD}.Debug|Any CPU.Build.0 = Debug|Any CPU
		{2FFC13F3-3BB8-48AB-A11C-EE9414E640FD}.Debug|x64.ActiveCfg = Debug|Any CPU
		{2FFC13F3-3BB8-48AB-A11C-EE9414E640FD}.Debug|x64.Build.0 = Debug|Any CPU
		{2FFC13F3-3BB8-48AB-A11C-EE9414E640FD}.Debug|x86.ActiveCfg = Debug|Any CPU
		{2FFC13F3-3BB8-48AB-A11C-EE9414E640FD}.Debug|x86.Build.0 = Debug|Any CPU
		{2FFC13F3-3BB8-48AB-A11C-EE9414E640FD}.Release|Any CPU.ActiveCfg = Release|Any CPU
		{2FFC13F3-3BB8-48AB-A11C-EE9414E640FD}.Release|Any CPU.Build.0 = Release|Any CPU
		{2FFC13F3-3BB8-48AB-A11C-EE9414E640FD}.Release|x64.ActiveCfg = Release|Any CPU
		{2FFC13F3-3BB8-48AB-A11C-EE9414E640FD}.Release|x64.Build.0 = Release|Any CPU
		{2FFC13F3-3BB8-48AB-A11C-EE9414E640FD}.Release|x86.ActiveCfg = Release|Any CPU
		{2FFC13F3-3BB8-48AB-A11C-EE9414E640FD}.Release|x86.Build.0 = Release|Any CPU
		{BCCEA8BA-4096-4EE0-A2C2-BDCD7EBECDF7}.Debug|Any CPU.ActiveCfg = Debug|Win32
		{BCCEA8BA-4096-4EE0-A2C2-BDCD7EBECDF7}.Debug|x64.ActiveCfg = Debug|x64
		{BCCEA8BA-4096-4EE0-A2C2-BDCD7EBECDF7}.Debug|x64.Build.0 = Debug|x64
		{BCCEA8BA-4096-4EE0-A2C2-BDCD7EBECDF7}.Debug|x86.ActiveCfg = Debug|Win32
		{BCCEA8BA-4096-4EE0-A2C2-BDCD7EBECDF7}.Debug|x86.Build.0 = Debug|Win32
		{BCCEA8BA-4096-4EE0-A2C2-BDCD7EBECDF7}.Release|Any CPU.ActiveCfg = Release|Win32
		{BCCEA8BA-4096-4EE0-A2C2-BDCD7EBECDF7}.Release|x64.ActiveCfg = Release|x64
		{BCCEA8BA-4096-4EE0-A2C2-BDCD7EBECDF7}.Release|x64.Build.0 = Release|x64
		{BCCEA8BA-4096-4EE0-A2C2-BDCD7EBECDF7}.Release|x86.ActiveCfg = Release|Win32
		{BCCEA8BA-4096-4EE0-A2C2-BDCD7EBECDF7}.Release|x86.Build.0 = Release|Win32
		{028E4325-0B1F-4521-BC61-26B75C5C6F54}.Debug|Any CPU.ActiveCfg = Debug|Win32
		{028E4325-0B1F-4521-BC61-26B75C5C6F54}.Debug|x64.ActiveCfg = Debug|x64
		{028E4325-0B1F-4521-BC61-26B75C5C6F54}.Debug|x64.Build.0 = Debug|x64
		{028E4325-0B1F-4521-BC61-26B75C5C6F54}.Debug|x86.ActiveCfg = Debug|Win32
		{028E4325-0B1F-4521-BC61-26B75C5C6F54}.Debug|x86.Build.0 = Debug|Win32
		{028E4325-0B1F-4521-BC61-26B75C5C6F54}.Release|Any CPU.ActiveCfg = Release|Win32
		{028E4325-0B1F-4521-BC61-26B75C5C6F54}.Release|x64.ActiveCfg = Release|x64
		{028E4325-0B1F-4521-BC61-26B75C5C6F54}.Release|x64.Build.0 = Release|x64
		{028E4325-0B1F-4521-BC61-26B75C5C6F54}.Release|x86.ActiveCfg = Release|Win32
		{028E4325-0B1F-4521-BC61-26B75C5C6F54}.Release|x86.Build.0 = Release|Win32
	EndGlobalSection
	GlobalSection(SolutionProperties) = preSolution
		HideSolutionNode = FALSE
	EndGlobalSection
	GlobalSection(ExtensibilityGlobals) = postSolution
		SolutionGuid = {9DA5CF2E-697F-46D5-8B18-12F26DE3B96A}
	EndGlobalSection
EndGlobal
